
Microsoft Visual Studio Solution File, Format Version 12.00
# Visual Studio 15
VisualStudioVersion = 15.0.28307.489
MinimumVisualStudioVersion = 10.0.40219.1
Project("{FAE04EC0-301F-11D3-BF4B-00C04F79EFBC}") = "BacqueWeb", "BacqueWeb\BacqueWeb.csproj", "{956D12A3-A9D4-4810-92EE-CE3E272D2224}"
EndProject
Global
	GlobalSection(SolutionConfigurationPlatforms) = preSolution
		Debug|Any CPU = Debug|Any CPU
		Release|Any CPU = Release|Any CPU
	EndGlobalSection
	GlobalSection(ProjectConfigurationPlatforms) = postSolution
		{956D12A3-A9D4-4810-92EE-CE3E272D2224}.Debug|Any CPU.ActiveCfg = Debug|Any CPU
		{956D12A3-A9D4-4810-92EE-CE3E272D2224}.Debug|Any CPU.Build.0 = Debug|Any CPU
		{956D12A3-A9D4-4810-92EE-CE3E272D2224}.Release|Any CPU.ActiveCfg = Release|Any CPU
		{956D12A3-A9D4-4810-92EE-CE3E272D2224}.Release|Any CPU.Build.0 = Release|Any CPU
	EndGlobalSection
	GlobalSection(SolutionProperties) = preSolution
		HideSolutionNode = FALSE
	EndGlobalSection
	GlobalSection(ExtensibilityGlobals) = postSolution
		SolutionGuid = {F852C9AD-3EF3-4AD5-B079-E5C3FE38E8D6}
	EndGlobalSection
EndGlobal
